<?xml version="1.0" encoding="utf-8"?>
<Project ToolsVersion="4.0" xmlns="http://schemas.microsoft.com/developer/msbuild/2003">
  <ItemGroup>
    <Filter Include="Source Files">
      <UniqueIdentifier>{4FC737F1-C7A5-4376-A066-2A32D752A2FF}</UniqueIdentifier>
      <Extensions>cpp;c;cc;cxx;def;odl;idl;hpj;bat;asm;asmx</Extensions>
    </Filter>
    <Filter Include="Header Files">
      <UniqueIdentifier>{93995380-89BD-4b04-88EB-625FBE52EBFB}</UniqueIdentifier>
      <Extensions>h;hpp;hxx;hm;inl;inc;xsd</Extensions>
    </Filter>
    <Filter Include="Resource Files">
      <UniqueIdentifier>{67DA6AB6-F800-4c08-8B7A-83BB121AAD01}</UniqueIdentifier>
      <Extensions>rc;ico;cur;bmp;dlg;rc2;rct;bin;rgs;gif;jpg;jpeg;jpe;resx;tiff;tif;png;wav</Extensions>
    </Filter>
  </ItemGroup>
  <ItemGroup>
    <ClCompile Include="stdafx.cpp">
      <Filter>Source Files</Filter>
    </ClCompile>
    <ClCompile Include="SerialCom.cpp">
      <Filter>Source Files</Filter>
    </ClCompile>
    <ClCompile Include="CRC Check.cpp">
      <Filter>Source Files</Filter>
    </ClCompile>
    <ClCompile Include="ReadOnlyEdit.cpp">
      <Filter>Source Files</Filter>
    </ClCompile>
    <ClCompile Include="NumEdit.cpp">
      <Filter>Source Files</Filter>
    </ClCompile>
    <ClCompile Include="NumSpinCtrl.cpp">
      <Filter>Source Files</Filter>
    </ClCompile>
    <ClCompile Include="PasswordEntryDlg.cpp">
      <Filter>Source Files</Filter>
    </ClCompile>
    <ClCompile Include="Display.cpp">
      <Filter>Source Files</Filter>
    </ClCompile>
    <ClCompile Include="Initialize.cpp">
      <Filter>Source Files</Filter>
    </ClCompile>
    <ClCompile Include="Hardware.cpp">
      <Filter>Source Files</Filter>
    </ClCompile>
    <ClCompile Include="DC950TestDialog.cpp">
      <Filter>Source Files</Filter>
    </ClCompile>
    <ClCompile Include="DC950Test.cpp">
      <Filter>Source Files</Filter>
    </ClCompile>
    <ClCompile Include="TestApp.cpp">
      <Filter>Source Files</Filter>
    </ClCompile>
    <ClCompile Include="SpectrometerCalc.cpp">
      <Filter>Source Files</Filter>
    </ClCompile>
    <ClCompile Include="AVSpectrometer.cpp">
      <Filter>Source Files</Filter>
    </ClCompile>
    <ClCompile Include="AdminDialog1.cpp">
      <Filter>Source Files</Filter>
    </ClCompile>
    <ClCompile Include="AdminDialog2.cpp">
      <Filter>Source Files</Filter>
    </ClCompile>
    <ClCompile Include="NewExcelRoutines.cpp">
      <Filter>Source Files</Filter>
    </ClCompile>
    <ClCompile Include="MSExcel.cpp">
      <Filter>Source Files</Filter>
    </ClCompile>
    <ClCompile Include="OLEMethod.cpp">
      <Filter>Source Files</Filter>
    </ClCompile>
  </ItemGroup>
  <ItemGroup>
    <ClInclude Include="Resource.h">
      <Filter>Header Files</Filter>
    </ClInclude>
    <ClInclude Include="stdafx.h">
      <Filter>Header Files</Filter>
    </ClInclude>
    <ClInclude Include="Definitions.h">
      <Filter>Header Files</Filter>
    </ClInclude>
    <ClInclude Include="TestApp.h">
      <Filter>Header Files</Filter>
    </ClInclude>
    <ClInclude Include="avaspec.h">
      <Filter>Header Files</Filter>
    </ClInclude>
    <ClInclude Include="ReadOnlyEdit.h">
      <Filter>Header Files</Filter>
    </ClInclude>
    <ClInclude Include="NumEdit.h">
      <Filter>Header Files</Filter>
    </ClInclude>
    <ClInclude Include="NumSpinCtrl.h">
      <Filter>Header Files</Filter>
    </ClInclude>
    <ClInclude Include="PasswordEntryDlg.h">
      <Filter>Header Files</Filter>
    </ClInclude>
    <ClInclude Include="DC950TestDialog.h">
      <Filter>Header Files</Filter>
    </ClInclude>
    <ClInclude Include="DC950Test.h">
      <Filter>Header Files</Filter>
    </ClInclude>
    <ClInclude Include="irrad.h">
      <Filter>Header Files</Filter>
    </ClInclude>
    <ClInclude Include="AdminDialog1.h">
      <Filter>Header Files</Filter>
    </ClInclude>
    <ClInclude Include="AdminDialog2.h">
      <Filter>Header Files</Filter>
    </ClInclude>
    <ClInclude Include="MSExcel.h">
      <Filter>Header Files</Filter>
    </ClInclude>
    <ClInclude Include="OLEMethod.h">
      <Filter>Header Files</Filter>
    </ClInclude>
  </ItemGroup>
  <ItemGroup>
    <None Include="res\SerialCtrlDemo.ico">
      <Filter>Resource Files</Filter>
    </None>
    <None Include="res\SerialCtrlDemo.rc2">
      <Filter>Resource Files</Filter>
    </None>
    <None Include="ReadMe.txt" />
    <None Include="avaspec.dll">
      <Filter>Source Files</Filter>
    </None>
    <None Include="AVSirrad.dll">
      <Filter>Source Files</Filter>
    </None>
  </ItemGroup>
  <ItemGroup>
    <ResourceCompile Include="SerialCtrlDemo.rc">
      <Filter>Resource Files</Filter>
    </ResourceCompile>
  </ItemGroup>
  <ItemGroup>
    <Library Include="avaspec.lib">
      <Filter>Source Files</Filter>
    </Library>
    <Library Include="AVSIrrad.lib">
      <Filter>Source Files</Filter>
    </Library>
  </ItemGroup>
</Project>